{
  "name": "lookboster",
  "version": "1.0.0",
  "lockfileVersion": 3,
  "requires": true,
  "packages": {
    "": {
      "name": "lookboster",
      "version": "1.0.0",
      "license": "ISC",
      "dependencies": {
        "react-time-picker": "^7.0.0"
      }
    },
    "node_modules/@wojtekmaj/date-utils": {
      "version": "1.5.1",
      "resolved": "https://registry.npmjs.org/@wojtekmaj/date-utils/-/date-utils-1.5.1.tgz",
      "integrity": "sha512-+i7+JmNiE/3c9FKxzWFi2IjRJ+KzZl1QPu6QNrsgaa2MuBgXvUy4gA1TVzf/JMdIIloB76xSKikTWuyYAIVLww==",
      "funding": {
        "url": "https://github.com/wojtekmaj/date-utils?sponsor=1"
      }
    },
    "node_modules/clsx": {
      "version": "2.1.1",
      "resolved": "https://registry.npmjs.org/clsx/-/clsx-2.1.1.tgz",
      "integrity": "sha512-eYm0QWBtUrBWZWG0d386OGAw16Z995PiOVo2B7bjWSbHedGl5e0ZWaq65kOGgUSNesEIDkB9ISbTg/JK9dhCZA==",
      "engines": {
        "node": ">=6"
      }
    },
    "node_modules/detect-element-overflow": {
      "version": "1.4.2",
      "resolved": "https://registry.npmjs.org/detect-element-overflow/-/detect-element-overflow-1.4.2.tgz",
      "integrity": "sha512-4m6cVOtvm/GJLjo7WFkPfwXoEIIbM7GQwIh4WEa4g7IsNi1YzwUsGL5ApNLrrHL29bHeNeQ+/iZhw+YHqgE2Fw==",
      "funding": {
        "url": "https://github.com/wojtekmaj/detect-element-overflow?sponsor=1"
      }
    },
    "node_modules/get-user-locale": {
      "version": "2.3.2",
      "resolved": "https://registry.npmjs.org/get-user-locale/-/get-user-locale-2.3.2.tgz",
      "integrity": "sha512-O2GWvQkhnbDoWFUJfaBlDIKUEdND8ATpBXD6KXcbhxlfktyD/d8w6mkzM/IlQEqGZAMz/PW6j6Hv53BiigKLUQ==",
      "dependencies": {
        "mem": "^8.0.0"
      },
      "funding": {
        "url": "https://github.com/wojtekmaj/get-user-locale?sponsor=1"
      }
    },
    "node_modules/js-tokens": {
      "version": "4.0.0",
      "resolved": "https://registry.npmjs.org/js-tokens/-/js-tokens-4.0.0.tgz",
      "integrity": "sha512-RdJUflcE3cUzKiMqQgsCu06FPu9UdIJO0beYbPhHN4k6apgJtifcoCtT9bcxOpYBtpD2kCM6Sbzg4CausW/PKQ=="
    },
    "node_modules/loose-envify": {
      "version": "1.4.0",
      "resolved": "https://registry.npmjs.org/loose-envify/-/loose-envify-1.4.0.tgz",
      "integrity": "sha512-lyuxPGr/Wfhrlem2CL/UcnUc1zcqKAImBDzukY7Y5F/yQiNdko6+fRLevlw1HgMySw7f611UIY408EtxRSoK3Q==",
      "dependencies": {
        "js-tokens": "^3.0.0 || ^4.0.0"
      },
      "bin": {
        "loose-envify": "cli.js"
      }
    },
    "node_modules/make-event-props": {
      "version": "1.6.2",
      "resolved": "https://registry.npmjs.org/make-event-props/-/make-event-props-1.6.2.tgz",
      "integrity": "sha512-iDwf7mA03WPiR8QxvcVHmVWEPfMY1RZXerDVNCRYW7dUr2ppH3J58Rwb39/WG39yTZdRSxr3x+2v22tvI0VEvA==",
      "funding": {
        "url": "https://github.com/wojtekmaj/make-event-props?sponsor=1"
      }
    },
    "node_modules/map-age-cleaner": {
      "version": "0.1.3",
      "resolved": "https://registry.npmjs.org/map-age-cleaner/-/map-age-cleaner-0.1.3.tgz",
      "integrity": "sha512-bJzx6nMoP6PDLPBFmg7+xRKeFZvFboMrGlxmNj9ClvX53KrmvM5bXFXEWjbz4cz1AFn+jWJ9z/DJSz7hrs0w3w==",
      "dependencies": {
        "p-defer": "^1.0.0"
      },
      "engines": {
        "node": ">=6"
      }
    },
    "node_modules/mem": {
      "version": "8.1.1",
      "resolved": "https://registry.npmjs.org/mem/-/mem-8.1.1.tgz",
      "integrity": "sha512-qFCFUDs7U3b8mBDPyz5EToEKoAkgCzqquIgi9nkkR9bixxOVOre+09lbuH7+9Kn2NFpm56M3GUWVbU2hQgdACA==",
      "dependencies": {
        "map-age-cleaner": "^0.1.3",
        "mimic-fn": "^3.1.0"
      },
      "engines": {
        "node": ">=10"
      },
      "funding": {
        "url": "https://github.com/sindresorhus/mem?sponsor=1"
      }
    },
    "node_modules/mimic-fn": {
      "version": "3.1.0",
      "resolved": "https://registry.npmjs.org/mimic-fn/-/mimic-fn-3.1.0.tgz",
      "integrity": "sha512-Ysbi9uYW9hFyfrThdDEQuykN4Ey6BuwPD2kpI5ES/nFTDn/98yxYNLZJcgUAKPT/mcrLLKaGzJR9YVxJrIdASQ==",
      "engines": {
        "node": ">=8"
      }
    },
    "node_modules/p-defer": {
      "version": "1.0.0",
      "resolved": "https://registry.npmjs.org/p-defer/-/p-defer-1.0.0.tgz",
      "integrity": "sha512-wB3wfAxZpk2AzOfUMJNL+d36xothRSyj8EXOa4f6GMqYDN9BJaaSISbsk+wS9abmnebVw95C2Kb5t85UmpCxuw==",
      "engines": {
        "node": ">=4"
      }
    },
    "node_modules/react": {
      "version": "18.3.1",
      "resolved": "https://registry.npmjs.org/react/-/react-18.3.1.tgz",
      "integrity": "sha512-wS+hAgJShR0KhEvPJArfuPVN1+Hz1t0Y6n5jLrGQbkb4urgPE/0Rve+1kMB1v/oWgHgm4WIcV+i7F2pTVj+2iQ==",
      "peer": true,
      "dependencies": {
        "loose-envify": "^1.1.0"
      },
      "engines": {
        "node": ">=0.10.0"
      }
    },
    "node_modules/react-clock": {
      "version": "5.0.0",
      "resolved": "https://registry.npmjs.org/react-clock/-/react-clock-5.0.0.tgz",
      "integrity": "sha512-Cj3XqwLB1svtGWiw/A6vmLIPb9OhA/BsWUpS46lXTNTilK7zmP2zmtFgQEAfWUssc3nERXkMXzI0YrkzDpc0gQ==",
      "dependencies": {
        "@wojtekmaj/date-utils": "^1.5.0",
        "clsx": "^2.0.0",
        "get-user-locale": "^2.2.1"
      },
      "funding": {
        "url": "https://github.com/wojtekmaj/react-clock?sponsor=1"
      },
      "peerDependencies": {
        "@types/react": "^16.8.0 || ^17.0.0 || ^18.0.0 || ^19.0.0",
        "react": "^16.8.0 || ^17.0.0 || ^18.0.0 || ^19.0.0",
        "react-dom": "^16.8.0 || ^17.0.0 || ^18.0.0 || ^19.0.0"
      },
      "peerDependenciesMeta": {
        "@types/react": {
          "optional": true
        }
      }
    },
    "node_modules/react-dom": {
      "version": "18.3.1",
      "resolved": "https://registry.npmjs.org/react-dom/-/react-dom-18.3.1.tgz",
      "integrity": "sha512-5m4nQKp+rZRb09LNH59GM4BxTh9251/ylbKIbpe7TpGxfJ+9kv6BLkLBXIjjspbgbnIBNqlI23tRnTWT0snUIw==",
      "peer": true,
      "dependencies": {
        "loose-envify": "^1.1.0",
        "scheduler": "^0.23.2"
      },
      "peerDependencies": {
        "react": "^18.3.1"
      }
    },
    "node_modules/react-fit": {
      "version": "2.0.1",
      "resolved": "https://registry.npmjs.org/react-fit/-/react-fit-2.0.1.tgz",
      "integrity": "sha512-Eip6ALs/+6Jv82Si0I9UnfysdwVlAhkkZRycgmMdnj7jwUg69SVFp84ICxwB8zszkfvJJ2MGAAo9KAYM8ZUykQ==",
      "dependencies": {
        "detect-element-overflow": "^1.4.0",
        "warning": "^4.0.0"
      },
      "funding": {
        "url": "https://github.com/wojtekmaj/react-fit?sponsor=1"
      },
      "peerDependencies": {
        "@types/react": "^16.8.0 || ^17.0.0 || ^18.0.0 || ^19.0.0",
        "react": "^16.8.0 || ^17.0.0 || ^18.0.0 || ^19.0.0",
        "react-dom": "^16.8.0 || ^17.0.0 || ^18.0.0 || ^19.0.0"
      },
      "peerDependenciesMeta": {
        "@types/react": {
          "optional": true
        },
        "@types/react-dom": {
          "optional": true
        }
      }
    },
    "node_modules/react-time-picker": {
      "version": "7.0.0",
      "resolved": "https://registry.npmjs.org/react-time-picker/-/react-time-picker-7.0.0.tgz",
      "integrity": "sha512-k6mUjkI+OsY73mg0yjMxqkLXv/UXR1LN7AARNqfyGZOwqHqo1JrjL3lLHTHWQ86HmPTBL/dZACbIX/fV1NLmWg==",
      "dependencies": {
        "@wojtekmaj/date-utils": "^1.1.3",
        "clsx": "^2.0.0",
        "get-user-locale": "^2.2.1",
        "make-event-props": "^1.6.0",
        "react-clock": "^5.0.0",
        "react-fit": "^2.0.0",
        "update-input-width": "^1.4.0"
      },
      "funding": {
        "url": "https://github.com/wojtekmaj/react-time-picker?sponsor=1"
      },
      "peerDependencies": {
        "@types/react": "^16.8.0 || ^17.0.0 || ^18.0.0 || ^19.0.0",
        "react": "^16.8.0 || ^17.0.0 || ^18.0.0 || ^19.0.0",
        "react-dom": "^16.8.0 || ^17.0.0 || ^18.0.0 || ^19.0.0"
      },
      "peerDependenciesMeta": {
        "@types/react": {
          "optional": true
        }
      }
    },
    "node_modules/scheduler": {
      "version": "0.23.2",
      "resolved": "https://registry.npmjs.org/scheduler/-/scheduler-0.23.2.tgz",
      "integrity": "sha512-UOShsPwz7NrMUqhR6t0hWjFduvOzbtv7toDH1/hIrfRNIDBnnBWd0CwJTGvTpngVlmwGCdP9/Zl/tVrDqcuYzQ==",
      "peer": true,
      "dependencies": {
        "loose-envify": "^1.1.0"
      }
    },
    "node_modules/update-input-width": {
      "version": "1.4.2",
      "resolved": "https://registry.npmjs.org/update-input-width/-/update-input-width-1.4.2.tgz",
      "integrity": "sha512-/p0XLhrQQQ4bMWD7bL9duYObwYCO1qGr8R19xcMmoMSmXuQ7/1//veUnCObQ7/iW6E2pGS6rFkS4TfH4ur7e/g==",
      "funding": {
        "url": "https://github.com/wojtekmaj/update-input-width?sponsor=1"
      }
    },
    "node_modules/warning": {
      "version": "4.0.3",
      "resolved": "https://registry.npmjs.org/warning/-/warning-4.0.3.tgz",
      "integrity": "sha512-rpJyN222KWIvHJ/F53XSZv0Zl/accqHR8et1kpaMTD/fLCRxtV8iX8czMzY7sVZupTI3zcUTg8eycS2kNF9l6w==",
      "dependencies": {
        "loose-envify": "^1.0.0"
      }
    }
  }
}
